
Microsoft Visual Studio Solution File, Format Version 12.00
# Visual Studio Version 17
VisualStudioVersion = 17.4.33110.190
MinimumVisualStudioVersion = 10.0.40219.1
Project("{FAE04EC0-301F-11D3-BF4B-00C04F79EFBC}") = "BankApp", "Bank\BankApp.csproj", "{23F5F5D8-354A-4880-A377-B4195C1D7602}"
EndProject
Project("{2150E333-8FDC-42A3-9474-1A3956D46DE8}") = "Solution Items", "Solution Items", "{DF694D47-E09B-4DCC-A29D-825B5CA70D05}"
	ProjectSection(SolutionItems) = preProject
		.editorconfig = .editorconfig
	EndProjectSection
EndProject
Global
	GlobalSection(SolutionConfigurationPlatforms) = preSolution
		Debug|Any CPU = Debug|Any CPU
		Release|Any CPU = Release|Any CPU
	EndGlobalSection
	GlobalSection(ProjectConfigurationPlatforms) = postSolution
		{23F5F5D8-354A-4880-A377-B4195C1D7602}.Debug|Any CPU.ActiveCfg = Debug|Any CPU
		{23F5F5D8-354A-4880-A377-B4195C1D7602}.Debug|Any CPU.Build.0 = Debug|Any CPU
		{23F5F5D8-354A-4880-A377-B4195C1D7602}.Release|Any CPU.ActiveCfg = Release|Any CPU
		{23F5F5D8-354A-4880-A377-B4195C1D7602}.Release|Any CPU.Build.0 = Release|Any CPU
	EndGlobalSection
	GlobalSection(SolutionProperties) = preSolution
		HideSolutionNode = FALSE
	EndGlobalSection
	GlobalSection(ExtensibilityGlobals) = postSolution
		SolutionGuid = {1FE20ABB-AB5E-4132-9EC9-A01DE09D1796}
	EndGlobalSection
EndGlobal
